
Microsoft Visual Studio Solution File, Format Version 12.00
# Visual Studio Version 17
VisualStudioVersion = 17.9.34902.65
MinimumVisualStudioVersion = 10.0.40219.1
Project("{FAE04EC0-301F-11D3-BF4B-00C04F79EFBC}") = "CalculatorIMC", "CalculatorIMC\CalculatorIMC.csproj", "{8B5FEF28-2DD7-43D9-B6EB-704699D75FAC}"
EndProject
Global
	GlobalSection(SolutionConfigurationPlatforms) = preSolution
		Debug|Any CPU = Debug|Any CPU
		Release|Any CPU = Release|Any CPU
	EndGlobalSection
	GlobalSection(ProjectConfigurationPlatforms) = postSolution
		{8B5FEF28-2DD7-43D9-B6EB-704699D75FAC}.Debug|Any CPU.ActiveCfg = Debug|Any CPU
		{8B5FEF28-2DD7-43D9-B6EB-704699D75FAC}.Debug|Any CPU.Build.0 = Debug|Any CPU
		{8B5FEF28-2DD7-43D9-B6EB-704699D75FAC}.Release|Any CPU.ActiveCfg = Release|Any CPU
		{8B5FEF28-2DD7-43D9-B6EB-704699D75FAC}.Release|Any CPU.Build.0 = Release|Any CPU
	EndGlobalSection
	GlobalSection(SolutionProperties) = preSolution
		HideSolutionNode = FALSE
	EndGlobalSection
	GlobalSection(ExtensibilityGlobals) = postSolution
		SolutionGuid = {A45DC82D-75AF-403C-8E33-FCDC96D56D44}
	EndGlobalSection
EndGlobal
